// !$*UTF8*$!
{
	archiveVersion = 1;
	classes = {
	};
	objectVersion = 50;
	objects = {

/* Begin PBXBuildFile section */
		AF25A864258D517D00284C2D /* AppDelegate.swift in Sources */ = {isa = PBXBuildFile; fileRef = AF25A863258D517D00284C2D /* AppDelegate.swift */; };
		AF25A866258D517D00284C2D /* SceneDelegate.swift in Sources */ = {isa = PBXBuildFile; fileRef = AF25A865258D517D00284C2D /* SceneDelegate.swift */; };
		AF25A868258D517D00284C2D /* ViewController.swift in Sources */ = {isa = PBXBuildFile; fileRef = AF25A867258D517D00284C2D /* ViewController.swift */; };
		AF25A86B258D517D00284C2D /* Main.storyboard in Resources */ = {isa = PBXBuildFile; fileRef = AF25A869258D517D00284C2D /* Main.storyboard */; };
		AF25A86D258D518400284C2D /* Assets.xcassets in Resources */ = {isa = PBXBuildFile; fileRef = AF25A86C258D518400284C2D /* Assets.xcassets */; };
		AF25A870258D518400284C2D /* LaunchScreen.storyboard in Resources */ = {isa = PBXBuildFile; fileRef = AF25A86E258D518400284C2D /* LaunchScreen.storyboard */; };
		AF25A87B258D518400284C2D /* MyCustomFlashcardsTests.swift in Sources */ = {isa = PBXBuildFile; fileRef = AF25A87A258D518400284C2D /* MyCustomFlashcardsTests.swift */; };
		AF25A886258D518400284C2D /* MyCustomFlashcardsUITests.swift in Sources */ = {isa = PBXBuildFile; fileRef = AF25A885258D518400284C2D /* MyCustomFlashcardsUITests.swift */; };
		AF25A89B258D524E00284C2D /* Flashcard.swift in Sources */ = {isa = PBXBuildFile; fileRef = AF25A89A258D524E00284C2D /* Flashcard.swift */; };
		AF25A8C9258D5C0500284C2D /* Queue.swift in Sources */ = {isa = PBXBuildFile; fileRef = AF25A8C8258D5C0400284C2D /* Queue.swift */; };
		AF25A8CE258D5C2E00284C2D /* PriorityQueue.swift in Sources */ = {isa = PBXBuildFile; fileRef = AF25A8CD258D5C2E00284C2D /* PriorityQueue.swift */; };
		AF25A8D5258D60DC00284C2D /* PriorityQueue.swift in Sources */ = {isa = PBXBuildFile; fileRef = AF25A8CD258D5C2E00284C2D /* PriorityQueue.swift */; };
		AF25A8E0258D60E100284C2D /* Queue.swift in Sources */ = {isa = PBXBuildFile; fileRef = AF25A8C8258D5C0400284C2D /* Queue.swift */; };
		AF25A8E4258D60E400284C2D /* Flashcard.swift in Sources */ = {isa = PBXBuildFile; fileRef = AF25A89A258D524E00284C2D /* Flashcard.swift */; };
		AF25A8E9258D635700284C2D /* CSV.swift in Sources */ = {isa = PBXBuildFile; fileRef = AF25A8E8258D635700284C2D /* CSV.swift */; };
		AF25A8ED258D6A6D00284C2D /* CSV.swift in Sources */ = {isa = PBXBuildFile; fileRef = AF25A8E8258D635700284C2D /* CSV.swift */; };
		AF25A90C258E393900284C2D /* FlashcardViewController.swift in Sources */ = {isa = PBXBuildFile; fileRef = AF25A90B258E393900284C2D /* FlashcardViewController.swift */; };
/* End PBXBuildFile section */

/* Begin PBXContainerItemProxy section */
		AF25A877258D518400284C2D /* PBXContainerItemProxy */ = {
			isa = PBXContainerItemProxy;
			containerPortal = AF25A858258D517C00284C2D /* Project object */;
			proxyType = 1;
			remoteGlobalIDString = AF25A85F258D517C00284C2D;
			remoteInfo = MyCustomFlashcards;
		};
		AF25A882258D518400284C2D /* PBXContainerItemProxy */ = {
			isa = PBXContainerItemProxy;
			containerPortal = AF25A858258D517C00284C2D /* Project object */;
			proxyType = 1;
			remoteGlobalIDString = AF25A85F258D517C00284C2D;
			remoteInfo = MyCustomFlashcards;
		};
/* End PBXContainerItemProxy section */

/* Begin PBXFileReference section */
		AF25A860258D517C00284C2D /* MyCustomFlashcards.app */ = {isa = PBXFileReference; explicitFileType = wrapper.application; includeInIndex = 0; path = MyCustomFlashcards.app; sourceTree = BUILT_PRODUCTS_DIR; };
		AF25A863258D517D00284C2D /* AppDelegate.swift */ = {isa = PBXFileReference; lastKnownFileType = sourcecode.swift; path = AppDelegate.swift; sourceTree = "<group>"; };
		AF25A865258D517D00284C2D /* SceneDelegate.swift */ = {isa = PBXFileReference; lastKnownFileType = sourcecode.swift; path = SceneDelegate.swift; sourceTree = "<group>"; };
		AF25A867258D517D00284C2D /* ViewController.swift */ = {isa = PBXFileReference; lastKnownFileType = sourcecode.swift; path = ViewController.swift; sourceTree = "<group>"; };
		AF25A86A258D517D00284C2D /* Base */ = {isa = PBXFileReference; lastKnownFileType = file.storyboard; name = Base; path = Base.lproj/Main.storyboard; sourceTree = "<group>"; };
		AF25A86C258D518400284C2D /* Assets.xcassets */ = {isa = PBXFileReference; lastKnownFileType = folder.assetcatalog; path = Assets.xcassets; sourceTree = "<group>"; };
		AF25A86F258D518400284C2D /* Base */ = {isa = PBXFileReference; lastKnownFileType = file.storyboard; name = Base; path = Base.lproj/LaunchScreen.storyboard; sourceTree = "<group>"; };
		AF25A871258D518400284C2D /* Info.plist */ = {isa = PBXFileReference; lastKnownFileType = text.plist.xml; path = Info.plist; sourceTree = "<group>"; };
		AF25A876258D518400284C2D /* MyCustomFlashcardsTests.xctest */ = {isa = PBXFileReference; explicitFileType = wrapper.cfbundle; includeInIndex = 0; path = MyCustomFlashcardsTests.xctest; sourceTree = BUILT_PRODUCTS_DIR; };
		AF25A87A258D518400284C2D /* MyCustomFlashcardsTests.swift */ = {isa = PBXFileReference; lastKnownFileType = sourcecode.swift; path = MyCustomFlashcardsTests.swift; sourceTree = "<group>"; };
		AF25A87C258D518400284C2D /* Info.plist */ = {isa = PBXFileReference; lastKnownFileType = text.plist.xml; path = Info.plist; sourceTree = "<group>"; };
		AF25A881258D518400284C2D /* MyCustomFlashcardsUITests.xctest */ = {isa = PBXFileReference; explicitFileType = wrapper.cfbundle; includeInIndex = 0; path = MyCustomFlashcardsUITests.xctest; sourceTree = BUILT_PRODUCTS_DIR; };
		AF25A885258D518400284C2D /* MyCustomFlashcardsUITests.swift */ = {isa = PBXFileReference; lastKnownFileType = sourcecode.swift; path = MyCustomFlashcardsUITests.swift; sourceTree = "<group>"; };
		AF25A887258D518400284C2D /* Info.plist */ = {isa = PBXFileReference; lastKnownFileType = text.plist.xml; path = Info.plist; sourceTree = "<group>"; };
		AF25A89A258D524E00284C2D /* Flashcard.swift */ = {isa = PBXFileReference; lastKnownFileType = sourcecode.swift; path = Flashcard.swift; sourceTree = "<group>"; };
		AF25A8C8258D5C0400284C2D /* Queue.swift */ = {isa = PBXFileReference; lastKnownFileType = sourcecode.swift; path = Queue.swift; sourceTree = "<group>"; };
		AF25A8CD258D5C2E00284C2D /* PriorityQueue.swift */ = {isa = PBXFileReference; lastKnownFileType = sourcecode.swift; path = PriorityQueue.swift; sourceTree = "<group>"; };
		AF25A8E8258D635700284C2D /* CSV.swift */ = {isa = PBXFileReference; lastKnownFileType = sourcecode.swift; path = CSV.swift; sourceTree = "<group>"; };
		AF25A907258E19D700284C2D /* MyCustomFlashcards.entitlements */ = {isa = PBXFileReference; lastKnownFileType = text.plist.entitlements; path = MyCustomFlashcards.entitlements; sourceTree = "<group>"; };
		AF25A90B258E393900284C2D /* FlashcardViewController.swift */ = {isa = PBXFileReference; lastKnownFileType = sourcecode.swift; path = FlashcardViewController.swift; sourceTree = "<group>"; };
/* End PBXFileReference section */

/* Begin PBXFrameworksBuildPhase section */
		AF25A85D258D517C00284C2D /* Frameworks */ = {
			isa = PBXFrameworksBuildPhase;
			buildActionMask = 2147483647;
			files = (
			);
			runOnlyForDeploymentPostprocessing = 0;
		};
		AF25A873258D518400284C2D /* Frameworks */ = {
			isa = PBXFrameworksBuildPhase;
			buildActionMask = 2147483647;
			files = (
			);
			runOnlyForDeploymentPostprocessing = 0;
		};
		AF25A87E258D518400284C2D /* Frameworks */ = {
			isa = PBXFrameworksBuildPhase;
			buildActionMask = 2147483647;
			files = (
			);
			runOnlyForDeploymentPostprocessing = 0;
		};
/* End PBXFrameworksBuildPhase section */

/* Begin PBXGroup section */
		AF25A857258D517C00284C2D = {
			isa = PBXGroup;
			children = (
				AF25A899258D522F00284C2D /* Data */,
				AF25A862258D517C00284C2D /* MyCustomFlashcards */,
				AF25A879258D518400284C2D /* MyCustomFlashcardsTests */,
				AF25A884258D518400284C2D /* MyCustomFlashcardsUITests */,
				AF25A861258D517C00284C2D /* Products */,
			);
			sourceTree = "<group>";
		};
		AF25A861258D517C00284C2D /* Products */ = {
			isa = PBXGroup;
			children = (
				AF25A860258D517C00284C2D /* MyCustomFlashcards.app */,
				AF25A876258D518400284C2D /* MyCustomFlashcardsTests.xctest */,
				AF25A881258D518400284C2D /* MyCustomFlashcardsUITests.xctest */,
			);
			name = Products;
			sourceTree = "<group>";
		};
		AF25A862258D517C00284C2D /* MyCustomFlashcards */ = {
			isa = PBXGroup;
			children = (
				AF25A907258E19D700284C2D /* MyCustomFlashcards.entitlements */,
				AF25A863258D517D00284C2D /* AppDelegate.swift */,
				AF25A865258D517D00284C2D /* SceneDelegate.swift */,
				AF25A867258D517D00284C2D /* ViewController.swift */,
				AF25A869258D517D00284C2D /* Main.storyboard */,
				AF25A86C258D518400284C2D /* Assets.xcassets */,
				AF25A86E258D518400284C2D /* LaunchScreen.storyboard */,
				AF25A871258D518400284C2D /* Info.plist */,
				AF25A90B258E393900284C2D /* FlashcardViewController.swift */,
			);
			path = MyCustomFlashcards;
			sourceTree = "<group>";
		};
		AF25A879258D518400284C2D /* MyCustomFlashcardsTests */ = {
			isa = PBXGroup;
			children = (
				AF25A87A258D518400284C2D /* MyCustomFlashcardsTests.swift */,
				AF25A87C258D518400284C2D /* Info.plist */,
			);
			path = MyCustomFlashcardsTests;
			sourceTree = "<group>";
		};
		AF25A884258D518400284C2D /* MyCustomFlashcardsUITests */ = {
			isa = PBXGroup;
			children = (
				AF25A885258D518400284C2D /* MyCustomFlashcardsUITests.swift */,
				AF25A887258D518400284C2D /* Info.plist */,
			);
			path = MyCustomFlashcardsUITests;
			sourceTree = "<group>";
		};
		AF25A899258D522F00284C2D /* Data */ = {
			isa = PBXGroup;
			children = (
				AF25A89A258D524E00284C2D /* Flashcard.swift */,
				AF25A8C8258D5C0400284C2D /* Queue.swift */,
				AF25A8CD258D5C2E00284C2D /* PriorityQueue.swift */,
				AF25A8E8258D635700284C2D /* CSV.swift */,
			);
			path = Data;
			sourceTree = "<group>";
		};
/* End PBXGroup section */

/* Begin PBXNativeTarget section */
		AF25A85F258D517C00284C2D /* MyCustomFlashcards */ = {
			isa = PBXNativeTarget;
			buildConfigurationList = AF25A88A258D518400284C2D /* Build configuration list for PBXNativeTarget "MyCustomFlashcards" */;
			buildPhases = (
				AF25A85C258D517C00284C2D /* Sources */,
				AF25A85D258D517C00284C2D /* Frameworks */,
				AF25A85E258D517C00284C2D /* Resources */,
			);
			buildRules = (
			);
			dependencies = (
			);
			name = MyCustomFlashcards;
			productName = MyCustomFlashcards;
			productReference = AF25A860258D517C00284C2D /* MyCustomFlashcards.app */;
			productType = "com.apple.product-type.application";
		};
		AF25A875258D518400284C2D /* MyCustomFlashcardsTests */ = {
			isa = PBXNativeTarget;
			buildConfigurationList = AF25A88D258D518400284C2D /* Build configuration list for PBXNativeTarget "MyCustomFlashcardsTests" */;
			buildPhases = (
				AF25A872258D518400284C2D /* Sources */,
				AF25A873258D518400284C2D /* Frameworks */,
				AF25A874258D518400284C2D /* Resources */,
			);
			buildRules = (
			);
			dependencies = (
				AF25A878258D518400284C2D /* PBXTargetDependency */,
			);
			name = MyCustomFlashcardsTests;
			productName = MyCustomFlashcardsTests;
			productReference = AF25A876258D518400284C2D /* MyCustomFlashcardsTests.xctest */;
			productType = "com.apple.product-type.bundle.unit-test";
		};
		AF25A880258D518400284C2D /* MyCustomFlashcardsUITests */ = {
			isa = PBXNativeTarget;
			buildConfigurationList = AF25A890258D518400284C2D /* Build configuration list for PBXNativeTarget "MyCustomFlashcardsUITests" */;
			buildPhases = (
				AF25A87D258D518400284C2D /* Sources */,
				AF25A87E258D518400284C2D /* Frameworks */,
				AF25A87F258D518400284C2D /* Resources */,
			);
			buildRules = (
			);
			dependencies = (
				AF25A883258D518400284C2D /* PBXTargetDependency */,
			);
			name = MyCustomFlashcardsUITests;
			productName = MyCustomFlashcardsUITests;
			productReference = AF25A881258D518400284C2D /* MyCustomFlashcardsUITests.xctest */;
			productType = "com.apple.product-type.bundle.ui-testing";
		};
/* End PBXNativeTarget section */

/* Begin PBXProject section */
		AF25A858258D517C00284C2D /* Project object */ = {
			isa = PBXProject;
			attributes = {
				LastSwiftUpdateCheck = 1230;
				LastUpgradeCheck = 1230;
				TargetAttributes = {
					AF25A85F258D517C00284C2D = {
						CreatedOnToolsVersion = 12.3;
					};
					AF25A875258D518400284C2D = {
						CreatedOnToolsVersion = 12.3;
						TestTargetID = AF25A85F258D517C00284C2D;
					};
					AF25A880258D518400284C2D = {
						CreatedOnToolsVersion = 12.3;
						TestTargetID = AF25A85F258D517C00284C2D;
					};
				};
			};
			buildConfigurationList = AF25A85B258D517C00284C2D /* Build configuration list for PBXProject "MyCustomFlashcards" */;
			compatibilityVersion = "Xcode 9.3";
			developmentRegion = en;
			hasScannedForEncodings = 0;
			knownRegions = (
				en,
				Base,
			);
			mainGroup = AF25A857258D517C00284C2D;
			productRefGroup = AF25A861258D517C00284C2D /* Products */;
			projectDirPath = "";
			projectRoot = "";
			targets = (
				AF25A85F258D517C00284C2D /* MyCustomFlashcards */,
				AF25A875258D518400284C2D /* MyCustomFlashcardsTests */,
				AF25A880258D518400284C2D /* MyCustomFlashcardsUITests */,
			);
		};
/* End PBXProject section */

/* Begin PBXResourcesBuildPhase section */
		AF25A85E258D517C00284C2D /* Resources */ = {
			isa = PBXResourcesBuildPhase;
			buildActionMask = 2147483647;
			files = (
				AF25A870258D518400284C2D /* LaunchScreen.storyboard in Resources */,
				AF25A86D258D518400284C2D /* Assets.xcassets in Resources */,
				AF25A86B258D517D00284C2D /* Main.storyboard in Resources */,
			);
			runOnlyForDeploymentPostprocessing = 0;
		};
		AF25A874258D518400284C2D /* Resources */ = {
			isa = PBXResourcesBuildPhase;
			buildActionMask = 2147483647;
			files = (
			);
			runOnlyForDeploymentPostprocessing = 0;
		};
		AF25A87F258D518400284C2D /* Resources */ = {
			isa = PBXResourcesBuildPhase;
			buildActionMask = 2147483647;
			files = (
			);
			runOnlyForDeploymentPostprocessing = 0;
		};
/* End PBXResourcesBuildPhase section */

/* Begin PBXSourcesBuildPhase section */
		AF25A85C258D517C00284C2D /* Sources */ = {
			isa = PBXSourcesBuildPhase;
			buildActionMask = 2147483647;
			files = (
				AF25A868258D517D00284C2D /* ViewController.swift in Sources */,
				AF25A8E0258D60E100284C2D /* Queue.swift in Sources */,
				AF25A864258D517D00284C2D /* AppDelegate.swift in Sources */,
				AF25A8D5258D60DC00284C2D /* PriorityQueue.swift in Sources */,
				AF25A89B258D524E00284C2D /* Flashcard.swift in Sources */,
				AF25A8ED258D6A6D00284C2D /* CSV.swift in Sources */,
				AF25A866258D517D00284C2D /* SceneDelegate.swift in Sources */,
				AF25A90C258E393900284C2D /* FlashcardViewController.swift in Sources */,
			);
			runOnlyForDeploymentPostprocessing = 0;
		};
		AF25A872258D518400284C2D /* Sources */ = {
			isa = PBXSourcesBuildPhase;
			buildActionMask = 2147483647;
			files = (
				AF25A87B258D518400284C2D /* MyCustomFlashcardsTests.swift in Sources */,
				AF25A8C9258D5C0500284C2D /* Queue.swift in Sources */,
				AF25A8E9258D635700284C2D /* CSV.swift in Sources */,
				AF25A8E4258D60E400284C2D /* Flashcard.swift in Sources */,
				AF25A8CE258D5C2E00284C2D /* PriorityQueue.swift in Sources */,
			);
			runOnlyForDeploymentPostprocessing = 0;
		};
		AF25A87D258D518400284C2D /* Sources */ = {
			isa = PBXSourcesBuildPhase;
			buildActionMask = 2147483647;
			files = (
				AF25A886258D518400284C2D /* MyCustomFlashcardsUITests.swift in Sources */,
			);
			runOnlyForDeploymentPostprocessing = 0;
		};
/* End PBXSourcesBuildPhase section */

/* Begin PBXTargetDependency section */
		AF25A878258D518400284C2D /* PBXTargetDependency */ = {
			isa = PBXTargetDependency;
			target = AF25A85F258D517C00284C2D /* MyCustomFlashcards */;
			targetProxy = AF25A877258D518400284C2D /* PBXContainerItemProxy */;
		};
		AF25A883258D518400284C2D /* PBXTargetDependency */ = {
			isa = PBXTargetDependency;
			target = AF25A85F258D517C00284C2D /* MyCustomFlashcards */;
			targetProxy = AF25A882258D518400284C2D /* PBXContainerItemProxy */;
		};
/* End PBXTargetDependency section */

/* Begin PBXVariantGroup section */
		AF25A869258D517D00284C2D /* Main.storyboard */ = {
			isa = PBXVariantGroup;
			children = (
				AF25A86A258D517D00284C2D /* Base */,
			);
			name = Main.storyboard;
			sourceTree = "<group>";
		};
		AF25A86E258D518400284C2D /* LaunchScreen.storyboard */ = {
			isa = PBXVariantGroup;
			children = (
				AF25A86F258D518400284C2D /* Base */,
			);
			name = LaunchScreen.storyboard;
			sourceTree = "<group>";
		};
/* End PBXVariantGroup section */

/* Begin XCBuildConfiguration section */
		AF25A888258D518400284C2D /* Debug */ = {
			isa = XCBuildConfiguration;
			buildSettings = {
				ALWAYS_SEARCH_USER_PATHS = NO;
				CLANG_ANALYZER_NONNULL = YES;
				CLANG_ANALYZER_NUMBER_OBJECT_CONVERSION = YES_AGGRESSIVE;
				CLANG_CXX_LANGUAGE_STANDARD = "gnu++14";
				CLANG_CXX_LIBRARY = "libc++";
				CLANG_ENABLE_MODULES = YES;
				CLANG_ENABLE_OBJC_ARC = YES;
				CLANG_ENABLE_OBJC_WEAK = YES;
				CLANG_WARN_BLOCK_CAPTURE_AUTORELEASING = YES;
				CLANG_WARN_BOOL_CONVERSION = YES;
				CLANG_WARN_COMMA = YES;
				CLANG_WARN_CONSTANT_CONVERSION = YES;
				CLANG_WARN_DEPRECATED_OBJC_IMPLEMENTATIONS = YES;
				CLANG_WARN_DIRECT_OBJC_ISA_USAGE = YES_ERROR;
				CLANG_WARN_DOCUMENTATION_COMMENTS = YES;
				CLANG_WARN_EMPTY_BODY = YES;
				CLANG_WARN_ENUM_CONVERSION = YES;
				CLANG_WARN_INFINITE_RECURSION = YES;
				CLANG_WARN_INT_CONVERSION = YES;
				CLANG_WARN_NON_LITERAL_NULL_CONVERSION = YES;
				CLANG_WARN_OBJC_IMPLICIT_RETAIN_SELF = YES;
				CLANG_WARN_OBJC_LITERAL_CONVERSION = YES;
				CLANG_WARN_OBJC_ROOT_CLASS = YES_ERROR;
				CLANG_WARN_QUOTED_INCLUDE_IN_FRAMEWORK_HEADER = YES;
				CLANG_WARN_RANGE_LOOP_ANALYSIS = YES;
				CLANG_WARN_STRICT_PROTOTYPES = YES;
				CLANG_WARN_SUSPICIOUS_MOVE = YES;
				CLANG_WARN_UNGUARDED_AVAILABILITY = YES_AGGRESSIVE;
				CLANG_WARN_UNREACHABLE_CODE = YES;
				CLANG_WARN__DUPLICATE_METHOD_MATCH = YES;
				COPY_PHASE_STRIP = NO;
				DEBUG_INFORMATION_FORMAT = dwarf;
				ENABLE_STRICT_OBJC_MSGSEND = YES;
				ENABLE_TESTABILITY = YES;
				GCC_C_LANGUAGE_STANDARD = gnu11;
				GCC_DYNAMIC_NO_PIC = NO;
				GCC_NO_COMMON_BLOCKS = YES;
				GCC_OPTIMIZATION_LEVEL = 0;
				GCC_PREPROCESSOR_DEFINITIONS = (
					"DEBUG=1",
					"$(inherited)",
				);
				GCC_WARN_64_TO_32_BIT_CONVERSION = YES;
				GCC_WARN_ABOUT_RETURN_TYPE = YES_ERROR;
				GCC_WARN_UNDECLARED_SELECTOR = YES;
				GCC_WARN_UNINITIALIZED_AUTOS = YES_AGGRESSIVE;
				GCC_WARN_UNUSED_FUNCTION = YES;
				GCC_WARN_UNUSED_VARIABLE = YES;
				IPHONEOS_DEPLOYMENT_TARGET = 14.2;
				MTL_ENABLE_DEBUG_INFO = INCLUDE_SOURCE;
				MTL_FAST_MATH = YES;
				ONLY_ACTIVE_ARCH = YES;
				SDKROOT = iphoneos;
				SWIFT_ACTIVE_COMPILATION_CONDITIONS = DEBUG;
				SWIFT_OPTIMIZATION_LEVEL = "-Onone";
			};
			name = Debug;
		};
		AF25A889258D518400284C2D /* Release */ = {
			isa = XCBuildConfiguration;
			buildSettings = {
				ALWAYS_SEARCH_USER_PATHS = NO;
				CLANG_ANALYZER_NONNULL = YES;
				CLANG_ANALYZER_NUMBER_OBJECT_CONVERSION = YES_AGGRESSIVE;
				CLANG_CXX_LANGUAGE_STANDARD = "gnu++14";
				CLANG_CXX_LIBRARY = "libc++";
				CLANG_ENABLE_MODULES = YES;
				CLANG_ENABLE_OBJC_ARC = YES;
				CLANG_ENABLE_OBJC_WEAK = YES;
				CLANG_WARN_BLOCK_CAPTURE_AUTORELEASING = YES;
				CLANG_WARN_BOOL_CONVERSION = YES;
				CLANG_WARN_COMMA = YES;
				CLANG_WARN_CONSTANT_CONVERSION = YES;
				CLANG_WARN_DEPRECATED_OBJC_IMPLEMENTATIONS = YES;
				CLANG_WARN_DIRECT_OBJC_ISA_USAGE = YES_ERROR;
				CLANG_WARN_DOCUMENTATION_COMMENTS = YES;
				CLANG_WARN_EMPTY_BODY = YES;
				CLANG_WARN_ENUM_CONVERSION = YES;
				CLANG_WARN_INFINITE_RECURSION = YES;
				CLANG_WARN_INT_CONVERSION = YES;
				CLANG_WARN_NON_LITERAL_NULL_CONVERSION = YES;
				CLANG_WARN_OBJC_IMPLICIT_RETAIN_SELF = YES;
				CLANG_WARN_OBJC_LITERAL_CONVERSION = YES;
				CLANG_WARN_OBJC_ROOT_CLASS = YES_ERROR;
				CLANG_WARN_QUOTED_INCLUDE_IN_FRAMEWORK_HEADER = YES;
				CLANG_WARN_RANGE_LOOP_ANALYSIS = YES;
				CLANG_WARN_STRICT_PROTOTYPES = YES;
				CLANG_WARN_SUSPICIOUS_MOVE = YES;
				CLANG_WARN_UNGUARDED_AVAILABILITY = YES_AGGRESSIVE;
				CLANG_WARN_UNREACHABLE_CODE = YES;
				CLANG_WARN__DUPLICATE_METHOD_MATCH = YES;
				COPY_PHASE_STRIP = NO;
				DEBUG_INFORMATION_FORMAT = "dwarf-with-dsym";
				ENABLE_NS_ASSERTIONS = NO;
				ENABLE_STRICT_OBJC_MSGSEND = YES;
				GCC_C_LANGUAGE_STANDARD = gnu11;
				GCC_NO_COMMON_BLOCKS = YES;
				GCC_WARN_64_TO_32_BIT_CONVERSION = YES;
				GCC_WARN_ABOUT_RETURN_TYPE = YES_ERROR;
				GCC_WARN_UNDECLARED_SELECTOR = YES;
				GCC_WARN_UNINITIALIZED_AUTOS = YES_AGGRESSIVE;
				GCC_WARN_UNUSED_FUNCTION = YES;
				GCC_WARN_UNUSED_VARIABLE = YES;
				IPHONEOS_DEPLOYMENT_TARGET = 14.2;
				MTL_ENABLE_DEBUG_INFO = NO;
				MTL_FAST_MATH = YES;
				SDKROOT = iphoneos;
				SWIFT_COMPILATION_MODE = wholemodule;
				SWIFT_OPTIMIZATION_LEVEL = "-O";
				VALIDATE_PRODUCT = YES;
			};
			name = Release;
		};
		AF25A88B258D518400284C2D /* Debug */ = {
			isa = XCBuildConfiguration;
			buildSettings = {
				ASSETCATALOG_COMPILER_APPICON_NAME = AppIcon;
				ASSETCATALOG_COMPILER_GLOBAL_ACCENT_COLOR_NAME = AccentColor;
				CODE_SIGN_ENTITLEMENTS = MyCustomFlashcards/MyCustomFlashcards.entitlements;
				CODE_SIGN_STYLE = Automatic;
				DEVELOPMENT_TEAM = 66THQLWY48;
				INFOPLIST_FILE = MyCustomFlashcards/Info.plist;
				LD_RUNPATH_SEARCH_PATHS = (
					"$(inherited)",
					"@executable_path/Frameworks",
				);
				PRODUCT_BUNDLE_IDENTIFIER = com.hihilla.MyCustomFlashcards;
				PRODUCT_NAME = "$(TARGET_NAME)";
				SWIFT_VERSION = 5.0;
				TARGETED_DEVICE_FAMILY = "1,2";
			};
			name = Debug;
		};
		AF25A88C258D518400284C2D /* Release */ = {
			isa = XCBuildConfiguration;
			buildSettings = {
				ASSETCATALOG_COMPILER_APPICON_NAME = AppIcon;
				ASSETCATALOG_COMPILER_GLOBAL_ACCENT_COLOR_NAME = AccentColor;
				CODE_SIGN_ENTITLEMENTS = MyCustomFlashcards/MyCustomFlashcards.entitlements;
				CODE_SIGN_STYLE = Automatic;
				DEVELOPMENT_TEAM = 66THQLWY48;
				INFOPLIST_FILE = MyCustomFlashcards/Info.plist;
				LD_RUNPATH_SEARCH_PATHS = (
					"$(inherited)",
					"@executable_path/Frameworks",
				);
				PRODUCT_BUNDLE_IDENTIFIER = com.hihilla.MyCustomFlashcards;
				PRODUCT_NAME = "$(TARGET_NAME)";
				SWIFT_VERSION = 5.0;
				TARGETED_DEVICE_FAMILY = "1,2";
			};
			name = Release;
		};
		AF25A88E258D518400284C2D /* Debug */ = {
			isa = XCBuildConfiguration;
			buildSettings = {
				ALWAYS_EMBED_SWIFT_STANDARD_LIBRARIES = YES;
				BUNDLE_LOADER = "$(TEST_HOST)";
				CODE_SIGN_STYLE = Automatic;
				DEVELOPMENT_TEAM = 66THQLWY48;
				INFOPLIST_FILE = MyCustomFlashcardsTests/Info.plist;
				IPHONEOS_DEPLOYMENT_TARGET = 14.3;
				LD_RUNPATH_SEARCH_PATHS = (
					"$(inherited)",
					"@executable_path/Frameworks",
					"@loader_path/Frameworks",
				);
				PRODUCT_BUNDLE_IDENTIFIER = com.hihilla.MyCustomFlashcardsTests;
				PRODUCT_NAME = "$(TARGET_NAME)";
				SWIFT_VERSION = 5.0;
				TARGETED_DEVICE_FAMILY = "1,2";
				TEST_HOST = "$(BUILT_PRODUCTS_DIR)/MyCustomFlashcards.app/MyCustomFlashcards";
			};
			name = Debug;
		};
		AF25A88F258D518400284C2D /* Release */ = {
			isa = XCBuildConfiguration;
			buildSettings = {
				ALWAYS_EMBED_SWIFT_STANDARD_LIBRARIES = YES;
				BUNDLE_LOADER = "$(TEST_HOST)";
				CODE_SIGN_STYLE = Automatic;
				DEVELOPMENT_TEAM = 66THQLWY48;
				INFOPLIST_FILE = MyCustomFlashcardsTests/Info.plist;
				IPHONEOS_DEPLOYMENT_TARGET = 14.3;
				LD_RUNPATH_SEARCH_PATHS = (
					"$(inherited)",
					"@executable_path/Frameworks",
					"@loader_path/Frameworks",
				);
				PRODUCT_BUNDLE_IDENTIFIER = com.hihilla.MyCustomFlashcardsTests;
				PRODUCT_NAME = "$(TARGET_NAME)";
				SWIFT_VERSION = 5.0;
				TARGETED_DEVICE_FAMILY = "1,2";
				TEST_HOST = "$(BUILT_PRODUCTS_DIR)/MyCustomFlashcards.app/MyCustomFlashcards";
			};
			name = Release;
		};
		AF25A891258D518400284C2D /* Debug */ = {
			isa = XCBuildConfiguration;
			buildSettings = {
				ALWAYS_EMBED_SWIFT_STANDARD_LIBRARIES = YES;
				CODE_SIGN_STYLE = Automatic;
				DEVELOPMENT_TEAM = 66THQLWY48;
				INFOPLIST_FILE = MyCustomFlashcardsUITests/Info.plist;
				LD_RUNPATH_SEARCH_PATHS = (
					"$(inherited)",
					"@executable_path/Frameworks",
					"@loader_path/Frameworks",
				);
				PRODUCT_BUNDLE_IDENTIFIER = com.hihilla.MyCustomFlashcardsUITests;
				PRODUCT_NAME = "$(TARGET_NAME)";
				SWIFT_VERSION = 5.0;
				TARGETED_DEVICE_FAMILY = "1,2";
				TEST_TARGET_NAME = MyCustomFlashcards;
			};
			name = Debug;
		};
		AF25A892258D518400284C2D /* Release */ = {
			isa = XCBuildConfiguration;
			buildSettings = {
				ALWAYS_EMBED_SWIFT_STANDARD_LIBRARIES = YES;
				CODE_SIGN_STYLE = Automatic;
				DEVELOPMENT_TEAM = 66THQLWY48;
				INFOPLIST_FILE = MyCustomFlashcardsUITests/Info.plist;
				LD_RUNPATH_SEARCH_PATHS = (
					"$(inherited)",
					"@executable_path/Frameworks",
					"@loader_path/Frameworks",
				);
				PRODUCT_BUNDLE_IDENTIFIER = com.hihilla.MyCustomFlashcardsUITests;
				PRODUCT_NAME = "$(TARGET_NAME)";
				SWIFT_VERSION = 5.0;
				TARGETED_DEVICE_FAMILY = "1,2";
				TEST_TARGET_NAME = MyCustomFlashcards;
			};
			name = Release;
		};
/* End XCBuildConfiguration section */

/* Begin XCConfigurationList section */
		AF25A85B258D517C00284C2D /* Build configuration list for PBXProject "MyCustomFlashcards" */ = {
			isa = XCConfigurationList;
			buildConfigurations = (
				AF25A888258D518400284C2D /* Debug */,
				AF25A889258D518400284C2D /* Release */,
			);
			defaultConfigurationIsVisible = 0;
			defaultConfigurationName = Release;
		};
		AF25A88A258D518400284C2D /* Build configuration list for PBXNativeTarget "MyCustomFlashcards" */ = {
			isa = XCConfigurationList;
			buildConfigurations = (
				AF25A88B258D518400284C2D /* Debug */,
				AF25A88C258D518400284C2D /* Release */,
			);
			defaultConfigurationIsVisible = 0;
			defaultConfigurationName = Release;
		};
		AF25A88D258D518400284C2D /* Build configuration list for PBXNativeTarget "MyCustomFlashcardsTests" */ = {
			isa = XCConfigurationList;
			buildConfigurations = (
				AF25A88E258D518400284C2D /* Debug */,
				AF25A88F258D518400284C2D /* Release */,
			);
			defaultConfigurationIsVisible = 0;
			defaultConfigurationName = Release;
		};
		AF25A890258D518400284C2D /* Build configuration list for PBXNativeTarget "MyCustomFlashcardsUITests" */ = {
			isa = XCConfigurationList;
			buildConfigurations = (
				AF25A891258D518400284C2D /* Debug */,
				AF25A892258D518400284C2D /* Release */,
			);
			defaultConfigurationIsVisible = 0;
			defaultConfigurationName = Release;
		};
/* End XCConfigurationList section */
	};
	rootObject = AF25A858258D517C00284C2D /* Project object */;
}
